
Microsoft Visual Studio Solution File, Format Version 12.00
# Visual Studio Version 17
VisualStudioVersion = 17.6.33815.320
MinimumVisualStudioVersion = 10.0.40219.1
Project("{FAE04EC0-301F-11D3-BF4B-00C04F79EFBC}") = "RecordSetup", "RecordSetup\RecordSetup.csproj", "{9B39BB0C-7166-4207-B80B-658197342E14}"
EndProject
Global
	GlobalSection(SolutionConfigurationPlatforms) = preSolution
		Debug|Any CPU = Debug|Any CPU
		Release|Any CPU = Release|Any CPU
	EndGlobalSection
	GlobalSection(ProjectConfigurationPlatforms) = postSolution
		{9B39BB0C-7166-4207-B80B-658197342E14}.Debug|Any CPU.ActiveCfg = Debug|Any CPU
		{9B39BB0C-7166-4207-B80B-658197342E14}.Debug|Any CPU.Build.0 = Debug|Any CPU
		{9B39BB0C-7166-4207-B80B-658197342E14}.Release|Any CPU.ActiveCfg = Release|Any CPU
		{9B39BB0C-7166-4207-B80B-658197342E14}.Release|Any CPU.Build.0 = Release|Any CPU
	EndGlobalSection
	GlobalSection(SolutionProperties) = preSolution
		HideSolutionNode = FALSE
	EndGlobalSection
	GlobalSection(ExtensibilityGlobals) = postSolution
		SolutionGuid = {78C542B3-ACD0-44ED-AC10-B7CBC004EAA2}
	EndGlobalSection
EndGlobal
